
Microsoft Visual Studio Solution File, Format Version 12.00
# Visual Studio Version 16
VisualStudioVersion = 16.0.30523.141
MinimumVisualStudioVersion = 10.0.40219.1
Project("{FAE04EC0-301F-11D3-BF4B-00C04F79EFBC}") = "NoteIsMe.UWP", "NoteIsMe.UWP\NoteIsMe.UWP.csproj", "{9A9B74E4-7822-442F-B372-7AEA3C9F384A}"
EndProject
Project("{9A19103F-16F7-4668-BE54-9A1E7A4F7556}") = "NoteIsMe.Domain", "NoteIsMe.Domain\NoteIsMe.Domain.csproj", "{E11639C5-D4B2-4DB6-B831-B757DA9AF26F}"
EndProject
Project("{9A19103F-16F7-4668-BE54-9A1E7A4F7556}") = "NoteIsMe.Infrastructure", "NoteIsMe.Infrastructure\NoteIsMe.Infrastructure.csproj", "{B5335900-7987-4FBA-891B-17ABF7740D3B}"
EndProject
Project("{9A19103F-16F7-4668-BE54-9A1E7A4F7556}") = "NoteIsMeConsole", "NoteIsMeConsole\NoteIsMeConsole.csproj", "{D3156103-AB7A-49C6-AC71-43E0CD803AC1}"
EndProject
Global
	GlobalSection(SolutionConfigurationPlatforms) = preSolution
		Debug|Any CPU = Debug|Any CPU
		Debug|ARM = Debug|ARM
		Debug|ARM64 = Debug|ARM64
		Debug|x64 = Debug|x64
		Debug|x86 = Debug|x86
		Release|Any CPU = Release|Any CPU
		Release|ARM = Release|ARM
		Release|ARM64 = Release|ARM64
		Release|x64 = Release|x64
		Release|x86 = Release|x86
	EndGlobalSection
	GlobalSection(ProjectConfigurationPlatforms) = postSolution
		{9A9B74E4-7822-442F-B372-7AEA3C9F384A}.Debug|Any CPU.ActiveCfg = Debug|x86
		{9A9B74E4-7822-442F-B372-7AEA3C9F384A}.Debug|Any CPU.Build.0 = Debug|x86
		{9A9B74E4-7822-442F-B372-7AEA3C9F384A}.Debug|Any CPU.Deploy.0 = Debug|x86
		{9A9B74E4-7822-442F-B372-7AEA3C9F384A}.Debug|ARM.ActiveCfg = Debug|ARM
		{9A9B74E4-7822-442F-B372-7AEA3C9F384A}.Debug|ARM.Build.0 = Debug|ARM
		{9A9B74E4-7822-442F-B372-7AEA3C9F384A}.Debug|ARM.Deploy.0 = Debug|ARM
		{9A9B74E4-7822-442F-B372-7AEA3C9F384A}.Debug|ARM64.ActiveCfg = Debug|ARM64
		{9A9B74E4-7822-442F-B372-7AEA3C9F384A}.Debug|ARM64.Build.0 = Debug|ARM64
		{9A9B74E4-7822-442F-B372-7AEA3C9F384A}.Debug|ARM64.Deploy.0 = Debug|ARM64
		{9A9B74E4-7822-442F-B372-7AEA3C9F384A}.Debug|x64.ActiveCfg = Debug|x64
		{9A9B74E4-7822-442F-B372-7AEA3C9F384A}.Debug|x64.Build.0 = Debug|x64
		{9A9B74E4-7822-442F-B372-7AEA3C9F384A}.Debug|x64.Deploy.0 = Debug|x64
		{9A9B74E4-7822-442F-B372-7AEA3C9F384A}.Debug|x86.ActiveCfg = Debug|x86
		{9A9B74E4-7822-442F-B372-7AEA3C9F384A}.Debug|x86.Build.0 = Debug|x86
		{9A9B74E4-7822-442F-B372-7AEA3C9F384A}.Debug|x86.Deploy.0 = Debug|x86
		{9A9B74E4-7822-442F-B372-7AEA3C9F384A}.Release|Any CPU.ActiveCfg = Release|x86
		{9A9B74E4-7822-442F-B372-7AEA3C9F384A}.Release|ARM.ActiveCfg = Release|ARM
		{9A9B74E4-7822-442F-B372-7AEA3C9F384A}.Release|ARM.Build.0 = Release|ARM
		{9A9B74E4-7822-442F-B372-7AEA3C9F384A}.Release|ARM.Deploy.0 = Release|ARM
		{9A9B74E4-7822-442F-B372-7AEA3C9F384A}.Release|ARM64.ActiveCfg = Release|ARM64
		{9A9B74E4-7822-442F-B372-7AEA3C9F384A}.Release|ARM64.Build.0 = Release|ARM64
		{9A9B74E4-7822-442F-B372-7AEA3C9F384A}.Release|ARM64.Deploy.0 = Release|ARM64
		{9A9B74E4-7822-442F-B372-7AEA3C9F384A}.Release|x64.ActiveCfg = Release|x64
		{9A9B74E4-7822-442F-B372-7AEA3C9F384A}.Release|x64.Build.0 = Release|x64
		{9A9B74E4-7822-442F-B372-7AEA3C9F384A}.Release|x64.Deploy.0 = Release|x64
		{9A9B74E4-7822-442F-B372-7AEA3C9F384A}.Release|x86.ActiveCfg = Release|x86
		{9A9B74E4-7822-442F-B372-7AEA3C9F384A}.Release|x86.Build.0 = Release|x86
		{9A9B74E4-7822-442F-B372-7AEA3C9F384A}.Release|x86.Deploy.0 = Release|x86
		{E11639C5-D4B2-4DB6-B831-B757DA9AF26F}.Debug|Any CPU.ActiveCfg = Debug|Any CPU
		{E11639C5-D4B2-4DB6-B831-B757DA9AF26F}.Debug|Any CPU.Build.0 = Debug|Any CPU
		{E11639C5-D4B2-4DB6-B831-B757DA9AF26F}.Debug|ARM.ActiveCfg = Debug|Any CPU
		{E11639C5-D4B2-4DB6-B831-B757DA9AF26F}.Debug|ARM.Build.0 = Debug|Any CPU
		{E11639C5-D4B2-4DB6-B831-B757DA9AF26F}.Debug|ARM64.ActiveCfg = Debug|Any CPU
		{E11639C5-D4B2-4DB6-B831-B757DA9AF26F}.Debug|ARM64.Build.0 = Debug|Any CPU
		{E11639C5-D4B2-4DB6-B831-B757DA9AF26F}.Debug|x64.ActiveCfg = Debug|Any CPU
		{E11639C5-D4B2-4DB6-B831-B757DA9AF26F}.Debug|x64.Build.0 = Debug|Any CPU
		{E11639C5-D4B2-4DB6-B831-B757DA9AF26F}.Debug|x86.ActiveCfg = Debug|Any CPU
		{E11639C5-D4B2-4DB6-B831-B757DA9AF26F}.Debug|x86.Build.0 = Debug|Any CPU
		{E11639C5-D4B2-4DB6-B831-B757DA9AF26F}.Release|Any CPU.ActiveCfg = Release|Any CPU
		{E11639C5-D4B2-4DB6-B831-B757DA9AF26F}.Release|Any CPU.Build.0 = Release|Any CPU
		{E11639C5-D4B2-4DB6-B831-B757DA9AF26F}.Release|ARM.ActiveCfg = Release|Any CPU
		{E11639C5-D4B2-4DB6-B831-B757DA9AF26F}.Release|ARM.Build.0 = Release|Any CPU
		{E11639C5-D4B2-4DB6-B831-B757DA9AF26F}.Release|ARM64.ActiveCfg = Release|Any CPU
		{E11639C5-D4B2-4DB6-B831-B757DA9AF26F}.Release|ARM64.Build.0 = Release|Any CPU
		{E11639C5-D4B2-4DB6-B831-B757DA9AF26F}.Release|x64.ActiveCfg = Release|Any CPU
		{E11639C5-D4B2-4DB6-B831-B757DA9AF26F}.Release|x64.Build.0 = Release|Any CPU
		{E11639C5-D4B2-4DB6-B831-B757DA9AF26F}.Release|x86.ActiveCfg = Release|Any CPU
		{E11639C5-D4B2-4DB6-B831-B757DA9AF26F}.Release|x86.Build.0 = Release|Any CPU
		{B5335900-7987-4FBA-891B-17ABF7740D3B}.Debug|Any CPU.ActiveCfg = Debug|Any CPU
		{B5335900-7987-4FBA-891B-17ABF7740D3B}.Debug|Any CPU.Build.0 = Debug|Any CPU
		{B5335900-7987-4FBA-891B-17ABF7740D3B}.Debug|ARM.ActiveCfg = Debug|Any CPU
		{B5335900-7987-4FBA-891B-17ABF7740D3B}.Debug|ARM.Build.0 = Debug|Any CPU
		{B5335900-7987-4FBA-891B-17ABF7740D3B}.Debug|ARM64.ActiveCfg = Debug|Any CPU
		{B5335900-7987-4FBA-891B-17ABF7740D3B}.Debug|ARM64.Build.0 = Debug|Any CPU
		{B5335900-7987-4FBA-891B-17ABF7740D3B}.Debug|x64.ActiveCfg = Debug|Any CPU
		{B5335900-7987-4FBA-891B-17ABF7740D3B}.Debug|x64.Build.0 = Debug|Any CPU
		{B5335900-7987-4FBA-891B-17ABF7740D3B}.Debug|x86.ActiveCfg = Debug|Any CPU
		{B5335900-7987-4FBA-891B-17ABF7740D3B}.Debug|x86.Build.0 = Debug|Any CPU
		{B5335900-7987-4FBA-891B-17ABF7740D3B}.Release|Any CPU.ActiveCfg = Release|Any CPU
		{B5335900-7987-4FBA-891B-17ABF7740D3B}.Release|Any CPU.Build.0 = Release|Any CPU
		{B5335900-7987-4FBA-891B-17ABF7740D3B}.Release|ARM.ActiveCfg = Release|Any CPU
		{B5335900-7987-4FBA-891B-17ABF7740D3B}.Release|ARM.Build.0 = Release|Any CPU
		{B5335900-7987-4FBA-891B-17ABF7740D3B}.Release|ARM64.ActiveCfg = Release|Any CPU
		{B5335900-7987-4FBA-891B-17ABF7740D3B}.Release|ARM64.Build.0 = Release|Any CPU
		{B5335900-7987-4FBA-891B-17ABF7740D3B}.Release|x64.ActiveCfg = Release|Any CPU
		{B5335900-7987-4FBA-891B-17ABF7740D3B}.Release|x64.Build.0 = Release|Any CPU
		{B5335900-7987-4FBA-891B-17ABF7740D3B}.Release|x86.ActiveCfg = Release|Any CPU
		{B5335900-7987-4FBA-891B-17ABF7740D3B}.Release|x86.Build.0 = Release|Any CPU
		{D3156103-AB7A-49C6-AC71-43E0CD803AC1}.Debug|Any CPU.ActiveCfg = Debug|Any CPU
		{D3156103-AB7A-49C6-AC71-43E0CD803AC1}.Debug|Any CPU.Build.0 = Debug|Any CPU
		{D3156103-AB7A-49C6-AC71-43E0CD803AC1}.Debug|ARM.ActiveCfg = Debug|Any CPU
		{D3156103-AB7A-49C6-AC71-43E0CD803AC1}.Debug|ARM.Build.0 = Debug|Any CPU
		{D3156103-AB7A-49C6-AC71-43E0CD803AC1}.Debug|ARM64.ActiveCfg = Debug|Any CPU
		{D3156103-AB7A-49C6-AC71-43E0CD803AC1}.Debug|ARM64.Build.0 = Debug|Any CPU
		{D3156103-AB7A-49C6-AC71-43E0CD803AC1}.Debug|x64.ActiveCfg = Debug|Any CPU
		{D3156103-AB7A-49C6-AC71-43E0CD803AC1}.Debug|x64.Build.0 = Debug|Any CPU
		{D3156103-AB7A-49C6-AC71-43E0CD803AC1}.Debug|x86.ActiveCfg = Debug|Any CPU
		{D3156103-AB7A-49C6-AC71-43E0CD803AC1}.Debug|x86.Build.0 = Debug|Any CPU
		{D3156103-AB7A-49C6-AC71-43E0CD803AC1}.Release|Any CPU.ActiveCfg = Release|Any CPU
		{D3156103-AB7A-49C6-AC71-43E0CD803AC1}.Release|Any CPU.Build.0 = Release|Any CPU
		{D3156103-AB7A-49C6-AC71-43E0CD803AC1}.Release|ARM.ActiveCfg = Release|Any CPU
		{D3156103-AB7A-49C6-AC71-43E0CD803AC1}.Release|ARM.Build.0 = Release|Any CPU
		{D3156103-AB7A-49C6-AC71-43E0CD803AC1}.Release|ARM64.ActiveCfg = Release|Any CPU
		{D3156103-AB7A-49C6-AC71-43E0CD803AC1}.Release|ARM64.Build.0 = Release|Any CPU
		{D3156103-AB7A-49C6-AC71-43E0CD803AC1}.Release|x64.ActiveCfg = Release|Any CPU
		{D3156103-AB7A-49C6-AC71-43E0CD803AC1}.Release|x64.Build.0 = Release|Any CPU
		{D3156103-AB7A-49C6-AC71-43E0CD803AC1}.Release|x86.ActiveCfg = Release|Any CPU
		{D3156103-AB7A-49C6-AC71-43E0CD803AC1}.Release|x86.Build.0 = Release|Any CPU
	EndGlobalSection
	GlobalSection(SolutionProperties) = preSolution
		HideSolutionNode = FALSE
	EndGlobalSection
	GlobalSection(ExtensibilityGlobals) = postSolution
		SolutionGuid = {48813328-4693-4B7D-92B3-423B4B52BDA6}
	EndGlobalSection
EndGlobal
